
Microsoft Visual Studio Solution File, Format Version 12.00
# Visual Studio Version 17
VisualStudioVersion = 17.0.32014.148
MinimumVisualStudioVersion = 10.0.40219.1
Project("{FAE04EC0-301F-11D3-BF4B-00C04F79EFBC}") = "SqlChangesTest.StartUp", "SqlChangesTest.StartUp\SqlChangesTest.StartUp.csproj", "{F68774A7-43DA-4090-B78D-A128C97AFC3E}"
EndProject
Project("{FAE04EC0-301F-11D3-BF4B-00C04F79EFBC}") = "SqlChangesTest.Schema", "SqlChangesTest.Schema\SqlChangesTest.Schema.csproj", "{5CA7180F-4939-4972-8EF5-904AD622FB3C}"
EndProject
Project("{FAE04EC0-301F-11D3-BF4B-00C04F79EFBC}") = "SqlChangesTest.DatabaseLib", "SqlChangesTest.DatabaseLib\SqlChangesTest.DatabaseLib.csproj", "{909EB27A-FE3D-42AD-9BD9-4D858C267307}"
EndProject
Global
	GlobalSection(SolutionConfigurationPlatforms) = preSolution
		Debug|Any CPU = Debug|Any CPU
		Release|Any CPU = Release|Any CPU
	EndGlobalSection
	GlobalSection(ProjectConfigurationPlatforms) = postSolution
		{F68774A7-43DA-4090-B78D-A128C97AFC3E}.Debug|Any CPU.ActiveCfg = Debug|Any CPU
		{F68774A7-43DA-4090-B78D-A128C97AFC3E}.Debug|Any CPU.Build.0 = Debug|Any CPU
		{F68774A7-43DA-4090-B78D-A128C97AFC3E}.Release|Any CPU.ActiveCfg = Release|Any CPU
		{F68774A7-43DA-4090-B78D-A128C97AFC3E}.Release|Any CPU.Build.0 = Release|Any CPU
		{5CA7180F-4939-4972-8EF5-904AD622FB3C}.Debug|Any CPU.ActiveCfg = Debug|Any CPU
		{5CA7180F-4939-4972-8EF5-904AD622FB3C}.Debug|Any CPU.Build.0 = Debug|Any CPU
		{5CA7180F-4939-4972-8EF5-904AD622FB3C}.Release|Any CPU.ActiveCfg = Release|Any CPU
		{5CA7180F-4939-4972-8EF5-904AD622FB3C}.Release|Any CPU.Build.0 = Release|Any CPU
		{909EB27A-FE3D-42AD-9BD9-4D858C267307}.Debug|Any CPU.ActiveCfg = Debug|Any CPU
		{909EB27A-FE3D-42AD-9BD9-4D858C267307}.Debug|Any CPU.Build.0 = Debug|Any CPU
		{909EB27A-FE3D-42AD-9BD9-4D858C267307}.Release|Any CPU.ActiveCfg = Release|Any CPU
		{909EB27A-FE3D-42AD-9BD9-4D858C267307}.Release|Any CPU.Build.0 = Release|Any CPU
	EndGlobalSection
	GlobalSection(SolutionProperties) = preSolution
		HideSolutionNode = FALSE
	EndGlobalSection
	GlobalSection(ExtensibilityGlobals) = postSolution
		SolutionGuid = {72FA3BC6-8C67-45A1-A305-F070821D5860}
	EndGlobalSection
EndGlobal
